Microsoft Visual Studio Solution File, Format Version 8.00
Project("{8BC9CEB8-8B4A-11D0-8D11-00A0C91BC942}") = "essense", "essense.vcproj", "{9E869B8E-75AD-4275-88A5-6FCABD76B0EA}"
	ProjectSection(ProjectDependencies) = postProject
		{384191B4-9B3E-4823-817B-EE36814FFF17} = {384191B4-9B3E-4823-817B-EE36814FFF17}
	EndProjectSection
EndProject
Project("{8BC9CEB8-8B4A-11D0-8D11-00A0C91BC942}") = "tinyxml", "tinyxml\tinyxml_lib.vcproj", "{384191B4-9B3E-4823-817B-EE36814FFF17}"
	ProjectSection(ProjectDependencies) = postProject
	EndProjectSection
EndProject
Global
	GlobalSection(DPCodeReviewSolutionGUID) = preSolution
		DPCodeReviewSolutionGUID = {00000000-0000-0000-0000-000000000000}
	EndGlobalSection
	GlobalSection(SolutionConfiguration) = preSolution
		Debug = Debug
		Release = Release
	EndGlobalSection
	GlobalSection(ProjectDependencies) = postSolution
	EndGlobalSection
	GlobalSection(ProjectConfiguration) = postSolution
		{9E869B8E-75AD-4275-88A5-6FCABD76B0EA}.Debug.ActiveCfg = Debug|Win32
		{9E869B8E-75AD-4275-88A5-6FCABD76B0EA}.Debug.Build.0 = Debug|Win32
		{9E869B8E-75AD-4275-88A5-6FCABD76B0EA}.Release.ActiveCfg = Release|Win32
		{9E869B8E-75AD-4275-88A5-6FCABD76B0EA}.Release.Build.0 = Release|Win32
		{384191B4-9B3E-4823-817B-EE36814FFF17}.Debug.ActiveCfg = Debug|Win32
		{384191B4-9B3E-4823-817B-EE36814FFF17}.Debug.Build.0 = Debug|Win32
		{384191B4-9B3E-4823-817B-EE36814FFF17}.Release.ActiveCfg = Release|Win32
		{384191B4-9B3E-4823-817B-EE36814FFF17}.Release.Build.0 = Release|Win32
	EndGlobalSection
	GlobalSection(ExtensibilityGlobals) = postSolution
	EndGlobalSection
	GlobalSection(ExtensibilityAddIns) = postSolution
	EndGlobalSection
EndGlobal
